// !$*UTF8*$!
{
	archiveVersion = 1;
	classes = {
	};
	objectVersion = 46;
	objects = {

/* Begin PBXBuildFile section */
		9BF0F5D41CE45D65000F6A3E /* main.m in Sources */ = {isa = PBXBuildFile; fileRef = 9BF0F5D31CE45D65000F6A3E /* main.m */; };
		9BF0F5D71CE45D65000F6A3E /* AppDelegate.m in Sources */ = {isa = PBXBuildFile; fileRef = 9BF0F5D61CE45D65000F6A3E /* AppDelegate.m */; };
		9BF0F5DA1CE45D65000F6A3E /* ViewController.m in Sources */ = {isa = PBXBuildFile; fileRef = 9BF0F5D91CE45D65000F6A3E /* ViewController.m */; };
		9BF0F5DD1CE45D65000F6A3E /* Main.storyboard in Resources */ = {isa = PBXBuildFile; fileRef = 9BF0F5DB1CE45D65000F6A3E /* Main.storyboard */; };
		9BF0F5DF1CE45D66000F6A3E /* Images.xcassets in Resources */ = {isa = PBXBuildFile; fileRef = 9BF0F5DE1CE45D66000F6A3E /* Images.xcassets */; };
		9BF0F5E21CE45D66000F6A3E /* LaunchScreen.xib in Resources */ = {isa = PBXBuildFile; fileRef = 9BF0F5E01CE45D66000F6A3E /* LaunchScreen.xib */; };
		9BF0F5EE1CE45D66000F6A3E /* IAdIntigrationTests.m in Sources */ = {isa = PBXBuildFile; fileRef = 9BF0F5ED1CE45D66000F6A3E /* IAdIntigrationTests.m */; };
/* End PBXBuildFile section */

/* Begin PBXContainerItemProxy section */
		9BF0F5E81CE45D66000F6A3E /* PBXContainerItemProxy */ = {
			isa = PBXContainerItemProxy;
			containerPortal = 9BF0F5C61CE45D64000F6A3E /* Project object */;
			proxyType = 1;
			remoteGlobalIDString = 9BF0F5CD1CE45D65000F6A3E;
			remoteInfo = IAdIntigration;
		};
/* End PBXContainerItemProxy section */

/* Begin PBXFileReference section */
		9BF0F5CE1CE45D65000F6A3E /* IAdIntigration.app */ = {isa = PBXFileReference; explicitFileType = wrapper.application; includeInIndex = 0; path = IAdIntigration.app; sourceTree = BUILT_PRODUCTS_DIR; };
		9BF0F5D21CE45D65000F6A3E /* Info.plist */ = {isa = PBXFileReference; lastKnownFileType = text.plist.xml; path = Info.plist; sourceTree = "<group>"; };
		9BF0F5D31CE45D65000F6A3E /* main.m */ = {isa = PBXFileReference; lastKnownFileType = sourcecode.c.objc; path = main.m; sourceTree = "<group>"; };
		9BF0F5D51CE45D65000F6A3E /* AppDelegate.h */ = {isa = PBXFileReference; lastKnownFileType = sourcecode.c.h; path = AppDelegate.h; sourceTree = "<group>"; };
		9BF0F5D61CE45D65000F6A3E /* AppDelegate.m */ = {isa = PBXFileReference; lastKnownFileType = sourcecode.c.objc; path = AppDelegate.m; sourceTree = "<group>"; };
		9BF0F5D81CE45D65000F6A3E /* ViewController.h */ = {isa = PBXFileReference; lastKnownFileType = sourcecode.c.h; path = ViewController.h; sourceTree = "<group>"; };
		9BF0F5D91CE45D65000F6A3E /* ViewController.m */ = {isa = PBXFileReference; lastKnownFileType = sourcecode.c.objc; path = ViewController.m; sourceTree = "<group>"; };
		9BF0F5DC1CE45D65000F6A3E /* Base */ = {isa = PBXFileReference; lastKnownFileType = file.storyboard; name = Base; path = Base.lproj/Main.storyboard; sourceTree = "<group>"; };
		9BF0F5DE1CE45D66000F6A3E /* Images.xcassets */ = {isa = PBXFileReference; lastKnownFileType = folder.assetcatalog; path = Images.xcassets; sourceTree = "<group>"; };
		9BF0F5E11CE45D66000F6A3E /* Base */ = {isa = PBXFileReference; lastKnownFileType = file.xib; name = Base; path = Base.lproj/LaunchScreen.xib; sourceTree = "<group>"; };
		9BF0F5E71CE45D66000F6A3E /* IAdIntigrationTests.xctest */ = {isa = PBXFileReference; explicitFileType = wrapper.cfbundle; includeInIndex = 0; path = IAdIntigrationTests.xctest; sourceTree = BUILT_PRODUCTS_DIR; };
		9BF0F5EC1CE45D66000F6A3E /* Info.plist */ = {isa = PBXFileReference; lastKnownFileType = text.plist.xml; path = Info.plist; sourceTree = "<group>"; };
		9BF0F5ED1CE45D66000F6A3E /* IAdIntigrationTests.m */ = {isa = PBXFileReference; lastKnownFileType = sourcecode.c.objc; path = IAdIntigrationTests.m; sourceTree = "<group>"; };
/* End PBXFileReference section */

/* Begin PBXFrameworksBuildPhase section */
		9BF0F5CB1CE45D65000F6A3E /* Frameworks */ = {
			isa = PBXFrameworksBuildPhase;
			buildActionMask = 2147483647;
			files = (
			);
			runOnlyForDeploymentPostprocessing = 0;
		};
		9BF0F5E41CE45D66000F6A3E /* Frameworks */ = {
			isa = PBXFrameworksBuildPhase;
			buildActionMask = 2147483647;
			files = (
			);
			runOnlyForDeploymentPostprocessing = 0;
		};
/* End PBXFrameworksBuildPhase section */

/* Begin PBXGroup section */
		9BF0F5C51CE45D64000F6A3E = {
			isa = PBXGroup;
			children = (
				9BF0F5D01CE45D65000F6A3E /* IAdIntigration */,
				9BF0F5EA1CE45D66000F6A3E /* IAdIntigrationTests */,
				9BF0F5CF1CE45D65000F6A3E /* Products */,
			);
			sourceTree = "<group>";
		};
		9BF0F5CF1CE45D65000F6A3E /* Products */ = {
			isa = PBXGroup;
			children = (
				9BF0F5CE1CE45D65000F6A3E /* IAdIntigration.app */,
				9BF0F5E71CE45D66000F6A3E /* IAdIntigrationTests.xctest */,
			);
			name = Products;
			sourceTree = "<group>";
		};
		9BF0F5D01CE45D65000F6A3E /* IAdIntigration */ = {
			isa = PBXGroup;
			children = (
				9BF0F5D51CE45D65000F6A3E /* AppDelegate.h */,
				9BF0F5D61CE45D65000F6A3E /* AppDelegate.m */,
				9BF0F5D81CE45D65000F6A3E /* ViewController.h */,
				9BF0F5D91CE45D65000F6A3E /* ViewController.m */,
				9BF0F5DB1CE45D65000F6A3E /* Main.storyboard */,
				9BF0F5DE1CE45D66000F6A3E /* Images.xcassets */,
				9BF0F5E01CE45D66000F6A3E /* LaunchScreen.xib */,
				9BF0F5D11CE45D65000F6A3E /* Supporting Files */,
			);
			path = IAdIntigration;
			sourceTree = "<group>";
		};
		9BF0F5D11CE45D65000F6A3E /* Supporting Files */ = {
			isa = PBXGroup;
			children = (
				9BF0F5D21CE45D65000F6A3E /* Info.plist */,
				9BF0F5D31CE45D65000F6A3E /* main.m */,
			);
			name = "Supporting Files";
			sourceTree = "<group>";
		};
		9BF0F5EA1CE45D66000F6A3E /* IAdIntigrationTests */ = {
			isa = PBXGroup;
			children = (
				9BF0F5ED1CE45D66000F6A3E /* IAdIntigrationTests.m */,
				9BF0F5EB1CE45D66000F6A3E /* Supporting Files */,
			);
			path = IAdIntigrationTests;
			sourceTree = "<group>";
		};
		9BF0F5EB1CE45D66000F6A3E /* Supporting Files */ = {
			isa = PBXGroup;
			children = (
				9BF0F5EC1CE45D66000F6A3E /* Info.plist */,
			);
			name = "Supporting Files";
			sourceTree = "<group>";
		};
/* End PBXGroup section */

/* Begin PBXNativeTarget section */
		9BF0F5CD1CE45D65000F6A3E /* IAdIntigration */ = {
			isa = PBXNativeTarget;
			buildConfigurationList = 9BF0F5F11CE45D66000F6A3E /* Build configuration list for PBXNativeTarget "IAdIntigration" */;
			buildPhases = (
				9BF0F5CA1CE45D65000F6A3E /* Sources */,
				9BF0F5CB1CE45D65000F6A3E /* Frameworks */,
				9BF0F5CC1CE45D65000F6A3E /* Resources */,
			);
			buildRules = (
			);
			dependencies = (
			);
			name = IAdIntigration;
			productName = IAdIntigration;
			productReference = 9BF0F5CE1CE45D65000F6A3E /* IAdIntigration.app */;
			productType = "com.apple.product-type.application";
		};
		9BF0F5E61CE45D66000F6A3E /* IAdIntigrationTests */ = {
			isa = PBXNativeTarget;
			buildConfigurationList = 9BF0F5F41CE45D66000F6A3E /* Build configuration list for PBXNativeTarget "IAdIntigrationTests" */;
			buildPhases = (
				9BF0F5E31CE45D66000F6A3E /* Sources */,
				9BF0F5E41CE45D66000F6A3E /* Frameworks */,
				9BF0F5E51CE45D66000F6A3E /* Resources */,
			);
			buildRules = (
			);
			dependencies = (
				9BF0F5E91CE45D66000F6A3E /* PBXTargetDependency */,
			);
			name = IAdIntigrationTests;
			productName = IAdIntigrationTests;
			productReference = 9BF0F5E71CE45D66000F6A3E /* IAdIntigrationTests.xctest */;
			productType = "com.apple.product-type.bundle.unit-test";
		};
/* End PBXNativeTarget section */

/* Begin PBXProject section */
		9BF0F5C61CE45D64000F6A3E /* Project object */ = {
			isa = PBXProject;
			attributes = {
				LastUpgradeCheck = 0640;
				ORGANIZATIONNAME = "Manju Sj";
				TargetAttributes = {
					9BF0F5CD1CE45D65000F6A3E = {
						CreatedOnToolsVersion = 6.4;
					};
					9BF0F5E61CE45D66000F6A3E = {
						CreatedOnToolsVersion = 6.4;
						TestTargetID = 9BF0F5CD1CE45D65000F6A3E;
					};
				};
			};
			buildConfigurationList = 9BF0F5C91CE45D65000F6A3E /* Build configuration list for PBXProject "IAdIntigration" */;
			compatibilityVersion = "Xcode 3.2";
			developmentRegion = English;
			hasScannedForEncodings = 0;
			knownRegions = (
				en,
				Base,
			);
			mainGroup = 9BF0F5C51CE45D64000F6A3E;
			productRefGroup = 9BF0F5CF1CE45D65000F6A3E /* Products */;
			projectDirPath = "";
			projectRoot = "";
			targets = (
				9BF0F5CD1CE45D65000F6A3E /* IAdIntigration */,
				9BF0F5E61CE45D66000F6A3E /* IAdIntigrationTests */,
			);
		};
/* End PBXProject section */

/* Begin PBXResourcesBuildPhase section */
		9BF0F5CC1CE45D65000F6A3E /* Resources */ = {
			isa = PBXResourcesBuildPhase;
			buildActionMask = 2147483647;
			files = (
				9BF0F5DD1CE45D65000F6A3E /* Main.storyboard in Resources */,
				9BF0F5E21CE45D66000F6A3E /* LaunchScreen.xib in Resources */,
				9BF0F5DF1CE45D66000F6A3E /* Images.xcassets in Resources */,
			);
			runOnlyForDeploymentPostprocessing = 0;
		};
		9BF0F5E51CE45D66000F6A3E /* Resources */ = {
			isa = PBXResourcesBuildPhase;
			buildActionMask = 2147483647;
			files = (
			);
			runOnlyForDeploymentPostprocessing = 0;
		};
/* End PBXResourcesBuildPhase section */

/* Begin PBXSourcesBuildPhase section */
		9BF0F5CA1CE45D65000F6A3E /* Sources */ = {
			isa = PBXSourcesBuildPhase;
			buildActionMask = 2147483647;
			files = (
				9BF0F5DA1CE45D65000F6A3E /* ViewController.m in Sources */,
				9BF0F5D71CE45D65000F6A3E /* AppDelegate.m in Sources */,
				9BF0F5D41CE45D65000F6A3E /* main.m in Sources */,
			);
			runOnlyForDeploymentPostprocessing = 0;
		};
		9BF0F5E31CE45D66000F6A3E /* Sources */ = {
			isa = PBXSourcesBuildPhase;
			buildActionMask = 2147483647;
			files = (
				9BF0F5EE1CE45D66000F6A3E /* IAdIntigrationTests.m in Sources */,
			);
			runOnlyForDeploymentPostprocessing = 0;
		};
/* End PBXSourcesBuildPhase section */

/* Begin PBXTargetDependency section */
		9BF0F5E91CE45D66000F6A3E /* PBXTargetDependency */ = {
			isa = PBXTargetDependency;
			target = 9BF0F5CD1CE45D65000F6A3E /* IAdIntigration */;
			targetProxy = 9BF0F5E81CE45D66000F6A3E /* PBXContainerItemProxy */;
		};
/* End PBXTargetDependency section */

/* Begin PBXVariantGroup section */
		9BF0F5DB1CE45D65000F6A3E /* Main.storyboard */ = {
			isa = PBXVariantGroup;
			children = (
				9BF0F5DC1CE45D65000F6A3E /* Base */,
			);
			name = Main.storyboard;
			sourceTree = "<group>";
		};
		9BF0F5E01CE45D66000F6A3E /* LaunchScreen.xib */ = {
			isa = PBXVariantGroup;
			children = (
				9BF0F5E11CE45D66000F6A3E /* Base */,
			);
			name = LaunchScreen.xib;
			sourceTree = "<group>";
		};
/* End PBXVariantGroup section */

/* Begin XCBuildConfiguration section */
		9BF0F5EF1CE45D66000F6A3E /* Debug */ = {
			isa = XCBuildConfiguration;
			buildSettings = {
				ALWAYS_SEARCH_USER_PATHS = NO;
				CLANG_CXX_LANGUAGE_STANDARD = "gnu++0x";
				CLANG_CXX_LIBRARY = "libc++";
				CLANG_ENABLE_MODULES = YES;
				CLANG_ENABLE_OBJC_ARC = YES;
				CLANG_WARN_BOOL_CONVERSION = YES;
				CLANG_WARN_CONSTANT_CONVERSION = YES;
				CLANG_WARN_DIRECT_OBJC_ISA_USAGE = YES_ERROR;
				CLANG_WARN_EMPTY_BODY = YES;
				CLANG_WARN_ENUM_CONVERSION = YES;
				CLANG_WARN_INT_CONVERSION = YES;
				CLANG_WARN_OBJC_ROOT_CLASS = YES_ERROR;
				CLANG_WARN_UNREACHABLE_CODE = YES;
				CLANG_WARN__DUPLICATE_METHOD_MATCH = YES;
				"CODE_SIGN_IDENTITY[sdk=iphoneos*]" = "iPhone Developer";
				COPY_PHASE_STRIP = NO;
				DEBUG_INFORMATION_FORMAT = "dwarf-with-dsym";
				ENABLE_STRICT_OBJC_MSGSEND = YES;
				GCC_C_LANGUAGE_STANDARD = gnu99;
				GCC_DYNAMIC_NO_PIC = NO;
				GCC_NO_COMMON_BLOCKS = YES;
				GCC_OPTIMIZATION_LEVEL = 0;
				GCC_PREPROCESSOR_DEFINITIONS = (
					"DEBUG=1",
					"$(inherited)",
				);
				GCC_SYMBOLS_PRIVATE_EXTERN = NO;
				GCC_WARN_64_TO_32_BIT_CONVERSION = YES;
				GCC_WARN_ABOUT_RETURN_TYPE = YES_ERROR;
				GCC_WARN_UNDECLARED_SELECTOR = YES;
				GCC_WARN_UNINITIALIZED_AUTOS = YES_AGGRESSIVE;
				GCC_WARN_UNUSED_FUNCTION = YES;
				GCC_WARN_UNUSED_VARIABLE = YES;
				IPHONEOS_DEPLOYMENT_TARGET = 8.4;
				MTL_ENABLE_DEBUG_INFO = YES;
				ONLY_ACTIVE_ARCH = YES;
				SDKROOT = iphoneos;
			};
			name = Debug;
		};
		9BF0F5F01CE45D66000F6A3E /* Release */ = {
			isa = XCBuildConfiguration;
			buildSettings = {
				ALWAYS_SEARCH_USER_PATHS = NO;
				CLANG_CXX_LANGUAGE_STANDARD = "gnu++0x";
				CLANG_CXX_LIBRARY = "libc++";
				CLANG_ENABLE_MODULES = YES;
				CLANG_ENABLE_OBJC_ARC = YES;
				CLANG_WARN_BOOL_CONVERSION = YES;
				CLANG_WARN_CONSTANT_CONVERSION = YES;
				CLANG_WARN_DIRECT_OBJC_ISA_USAGE = YES_ERROR;
				CLANG_WARN_EMPTY_BODY = YES;
				CLANG_WARN_ENUM_CONVERSION = YES;
				CLANG_WARN_INT_CONVERSION = YES;
				CLANG_WARN_OBJC_ROOT_CLASS = YES_ERROR;
				CLANG_WARN_UNREACHABLE_CODE = YES;
				CLANG_WARN__DUPLICATE_METHOD_MATCH = YES;
				"CODE_SIGN_IDENTITY[sdk=iphoneos*]" = "iPhone Developer";
				COPY_PHASE_STRIP = NO;
				DEBUG_INFORMATION_FORMAT = "dwarf-with-dsym";
				ENABLE_NS_ASSERTIONS = NO;
				ENABLE_STRICT_OBJC_MSGSEND = YES;
				GCC_C_LANGUAGE_STANDARD = gnu99;
				GCC_NO_COMMON_BLOCKS = YES;
				GCC_WARN_64_TO_32_BIT_CONVERSION = YES;
				GCC_WARN_ABOUT_RETURN_TYPE = YES_ERROR;
				GCC_WARN_UNDECLARED_SELECTOR = YES;
				GCC_WARN_UNINITIALIZED_AUTOS = YES_AGGRESSIVE;
				GCC_WARN_UNUSED_FUNCTION = YES;
				GCC_WARN_UNUSED_VARIABLE = YES;
				IPHONEOS_DEPLOYMENT_TARGET = 8.4;
				MTL_ENABLE_DEBUG_INFO = NO;
				SDKROOT = iphoneos;
				VALIDATE_PRODUCT = YES;
			};
			name = Release;
		};
		9BF0F5F21CE45D66000F6A3E /* Debug */ = {
			isa = XCBuildConfiguration;
			buildSettings = {
				ASSETCATALOG_COMPILER_APPICON_NAME = AppIcon;
				INFOPLIST_FILE = IAdIntigration/Info.plist;
				LD_RUNPATH_SEARCH_PATHS = "$(inherited) @executable_path/Frameworks";
				PRODUCT_NAME = "$(TARGET_NAME)";
			};
			name = Debug;
		};
		9BF0F5F31CE45D66000F6A3E /* Release */ = {
			isa = XCBuildConfiguration;
			buildSettings = {
				ASSETCATALOG_COMPILER_APPICON_NAME = AppIcon;
				INFOPLIST_FILE = IAdIntigration/Info.plist;
				LD_RUNPATH_SEARCH_PATHS = "$(inherited) @executable_path/Frameworks";
				PRODUCT_NAME = "$(TARGET_NAME)";
			};
			name = Release;
		};
		9BF0F5F51CE45D66000F6A3E /* Debug */ = {
			isa = XCBuildConfiguration;
			buildSettings = {
				BUNDLE_LOADER = "$(TEST_HOST)";
				FRAMEWORK_SEARCH_PATHS = (
					"$(SDKROOT)/Developer/Library/Frameworks",
					"$(inherited)",
				);
				GCC_PREPROCESSOR_DEFINITIONS = (
					"DEBUG=1",
					"$(inherited)",
				);
				INFOPLIST_FILE = IAdIntigrationTests/Info.plist;
				LD_RUNPATH_SEARCH_PATHS = "$(inherited) @executable_path/Frameworks @loader_path/Frameworks";
				PRODUCT_NAME = "$(TARGET_NAME)";
				TEST_HOST = "$(BUILT_PRODUCTS_DIR)/IAdIntigration.app/IAdIntigration";
			};
			name = Debug;
		};
		9BF0F5F61CE45D66000F6A3E /* Release */ = {
			isa = XCBuildConfiguration;
			buildSettings = {
				BUNDLE_LOADER = "$(TEST_HOST)";
				FRAMEWORK_SEARCH_PATHS = (
					"$(SDKROOT)/Developer/Library/Frameworks",
					"$(inherited)",
				);
				INFOPLIST_FILE = IAdIntigrationTests/Info.plist;
				LD_RUNPATH_SEARCH_PATHS = "$(inherited) @executable_path/Frameworks @loader_path/Frameworks";
				PRODUCT_NAME = "$(TARGET_NAME)";
				TEST_HOST = "$(BUILT_PRODUCTS_DIR)/IAdIntigration.app/IAdIntigration";
			};
			name = Release;
		};
/* End XCBuildConfiguration section */

/* Begin XCConfigurationList section */
		9BF0F5C91CE45D65000F6A3E /* Build configuration list for PBXProject "IAdIntigration" */ = {
			isa = XCConfigurationList;
			buildConfigurations = (
				9BF0F5EF1CE45D66000F6A3E /* Debug */,
				9BF0F5F01CE45D66000F6A3E /* Release */,
			);
			defaultConfigurationIsVisible = 0;
			defaultConfigurationName = Release;
		};
		9BF0F5F11CE45D66000F6A3E /* Build configuration list for PBXNativeTarget "IAdIntigration" */ = {
			isa = XCConfigurationList;
			buildConfigurations = (
				9BF0F5F21CE45D66000F6A3E /* Debug */,
				9BF0F5F31CE45D66000F6A3E /* Release */,
			);
			defaultConfigurationIsVisible = 0;
		};
		9BF0F5F41CE45D66000F6A3E /* Build configuration list for PBXNativeTarget "IAdIntigrationTests" */ = {
			isa = XCConfigurationList;
			buildConfigurations = (
				9BF0F5F51CE45D66000F6A3E /* Debug */,
				9BF0F5F61CE45D66000F6A3E /* Release */,
			);
			defaultConfigurationIsVisible = 0;
		};
/* End XCConfigurationList section */
	};
	rootObject = 9BF0F5C61CE45D64000F6A3E /* Project object */;
}
